github.com/0xcafed00d/joystick v1.0.1 h1:r4p2cRp4MHJWu1gArhGtumbkPxmr3tcOUTFqybEhplM=
github.com/0xcafed00d/joystick v1.0.1/go.mod h1:gzszjNgzP6jtCAeSdC9OqPVO5rO7TJuaw4P7eAjNzx8=
github.com/BurntSushi/freetype-go v0.0.0-20160129220410-b763ddbfe298/go.mod h1:D+QujdIlUNfa0igpNMk6UIvlb6C252URs4yupRUV4lQ=
github.com/BurntSushi/graphics-go v0.0.0-20160129215708-b43f31a4a966/go.mod h1:Mid70uvE93zn9wgF92A/r5ixgnvX8Lh68fxp9KQBaI0=
github.com/Microsoft/go-winio v0.4.14/go.mod h1:qXqCSQ3Xa7+6tgxaGTIe4Kpcdsi+P8jBhyzoq1bpyYA=
github.com/Microsoft/go-winio v0.6.1 h1:9/kr64B9VUZrLm5YYwbGtUJnMgqWVOdUAXu6Migciow=
github.com/Microsoft/go-winio v0.6.1/go.mod h1:LRdKpFKfdobln8UmuiYcKPot9D2v6svN5+sAH+4kjUM=
github.com/PuerkitoBio/goquery v1.11.0 h1:jZ7pwMQXIITcUXNH83LLk+txlaEy6NVOfTuP43xxfqw=
github.com/PuerkitoBio/goquery v1.11.0/go.mod h1:wQHgxUOU3JGuj3oD/QFfxUdlzW6xPHfqyHre6VMY4DQ=
github.com/andybalholm/brotli v1.2.0 h1:ukwgCxwYrmACq68yiUqwIWnGY0cTPox/M94sVwToPjQ=
github.com/andybalholm/brotli v1.2.0/go.mod h1:rzTDkvFWvIrjDXZHkuS16NPggd91W3kUSvPlQ1pLaKY=
github.com/andybalholm/cascadia v1.3.3 h1:AG2YHrzJIm4BZ19iwJ/DAua6Btl3IwJX+VI4kktS1LM=
github.com/andybalholm/cascadia v1.3.3/go.mod h1:xNd9bqTn98Ln4DwST8/nG+H0yuB8Hmgu1YHNnWw0GeA=
github.com/antchfx/htmlquery v1.3.5 h1:aYthDDClnG2a2xePf6tys/UyyM/kRcsFRm+ifhFKoU0=
github.com/antchfx/htmlquery v1.3.5/go.mod h1:5oyIPIa3ovYGtLqMPNjBF2Uf25NPCKsMjCnQ8lvjaoA=
github.com/antchfx/xmlquery v1.5.0 h1:uAi+mO40ZWfyU6mlUBxRVvL6uBNZ6LMU4M3+mQIBV4c=
github.com/antchfx/xmlquery v1.5.0/go.mod h1:lJfWRXzYMK1ss32zm1GQV3gMIW/HFey3xDZmkP1SuNc=
github.com/antchfx/xpath v1.3.5 h1:PqbXLC3TkfeZyakF5eeh3NTWEbYl4VHNVeufANzDbKQ=
github.com/antchfx/xpath v1.3.5/go.mod h1:i54GszH55fYfBmoZXapTHN8T8tkcHfRgLyVwwqzXNcs=
github.com/apache/arrow-go/v18 v18.4.1 h1:q/jVkBWCJOB9reDgaIZIdruLQUb1kbkvOnOFezVH1C4=
github.com/apache/arrow-go/v18 v18.4.1/go.mod h1:tLyFubsAl17bvFdUAy24bsSvA/6ww95Iqi67fTpGu3E=
github.com/apache/thrift v0.22.0 h1:r7mTJdj51TMDe6RtcmNdQxgn9XcyfGDOzegMDRg47uc=
github.com/apache/thrift v0.22.0/go.mod h1:1e7J/O1Ae6ZQMTYdy9xa3w9k+XHWPfRvdPyJeynQ+/g=
github.com/aws/aws-sdk-go-v2 v1.41.0 h1:tNvqh1s+v0vFYdA1xq0aOJH+Y5cRyZ5upu6roPgPKd4=
github.com/aws/aws-sdk-go-v2 v1.41.0/go.mod h1:MayyLB8y+buD9hZqkCW3kX1AKq07Y5pXxtgB+rRFhz0=
github.com/aws/aws-sdk-go-v2/aws/protocol/eventstream v1.7.4 h1:489krEF9xIGkOaaX3CE/Be2uWjiXrkCH6gUX+bZA/BU=
github.com/aws/aws-sdk-go-v2/aws/protocol/eventstream v1.7.4/go.mod h1:IOAPF6oT9KCsceNTvvYMNHy0+kMF8akOjeDvPENWxp4=
github.com/aws/aws-sdk-go-v2/config v1.32.6 h1:hFLBGUKjmLAekvi1evLi5hVvFQtSo3GYwi+Bx4lpJf8=
github.com/aws/aws-sdk-go-v2/config v1.32.6/go.mod h1:lcUL/gcd8WyjCrMnxez5OXkO3/rwcNmvfno62tnXNcI=
github.com/aws/aws-sdk-go-v2/credentials v1.19.6 h1:F9vWao2TwjV2MyiyVS+duza0NIRtAslgLUM0vTA1ZaE=
github.com/aws/aws-sdk-go-v2/credentials v1.19.6/go.mod h1:SgHzKjEVsdQr6Opor0ihgWtkWdfRAIwxYzSJ8O85VHY=
github.com/aws/aws-sdk-go-v2/feature/ec2/imds v1.18.16 h1:80+uETIWS1BqjnN9uJ0dBUaETh+P1XwFy5vwHwK5r9k=
github.com/aws/aws-sdk-go-v2/feature/ec2/imds v1.18.16/go.mod h1:wOOsYuxYuB/7FlnVtzeBYRcjSRtQpAW0hCP7tIULMwo=
github.com/aws/aws-sdk-go-v2/internal/configsources v1.4.16 h1:rgGwPzb82iBYSvHMHXc8h9mRoOUBZIGFgKb9qniaZZc=
github.com/aws/aws-sdk-go-v2/internal/configsources v1.4.16/go.mod h1:L/UxsGeKpGoIj6DxfhOWHWQ/kGKcd4I1VncE4++IyKA=
github.com/aws/aws-sdk-go-v2/internal/endpoints/v2 v2.7.16 h1:1jtGzuV7c82xnqOVfx2F0xmJcOw5374L7N6juGW6x6U=
github.com/aws/aws-sdk-go-v2/internal/endpoints/v2 v2.7.16/go.mod h1:M2E5OQf+XLe+SZGmmpaI2yy+J326aFf6/+54PoxSANc=
github.com/aws/aws-sdk-go-v2/internal/ini v1.8.4 h1:WKuaxf++XKWlHWu9ECbMlha8WOEGm0OUEZqm4K/Gcfk=
github.com/aws/aws-sdk-go-v2/internal/ini v1.8.4/go.mod h1:ZWy7j6v1vWGmPReu0iSGvRiise4YI5SkR3OHKTZ6Wuc=
github.com/aws/aws-sdk-go-v2/internal/v4a v1.4.16 h1:CjMzUs78RDDv4ROu3JnJn/Ig1r6ZD7/T2DXLLRpejic=
github.com/aws/aws-sdk-go-v2/internal/v4a v1.4.16/go.mod h1:uVW4OLBqbJXSHJYA9svT9BluSvvwbzLQ2Crf6UPzR3c=
github.com/aws/aws-sdk-go-v2/service/internal/accept-encoding v1.13.4 h1:0ryTNEdJbzUCEWkVXEXoqlXV72J5keC1GvILMOuD00E=
github.com/aws/aws-sdk-go-v2/service/internal/accept-encoding v1.13.4/go.mod h1:HQ4qwNZh32C3CBeO6iJLQlgtMzqeG17ziAA/3KDJFow=
github.com/aws/aws-sdk-go-v2/service/internal/checksum v1.9.7 h1:DIBqIrJ7hv+e4CmIk2z3pyKT+3B6qVMgRsawHiR3qso=
github.com/aws/aws-sdk-go-v2/service/internal/checksum v1.9.7/go.mod h1:vLm00xmBke75UmpNvOcZQ/Q30ZFjbczeLFqGx5urmGo=
github.com/aws/aws-sdk-go-v2/service/internal/presigned-url v1.13.16 h1:oHjJHeUy0ImIV0bsrX0X91GkV5nJAyv1l1CC9lnO0TI=
github.com/aws/aws-sdk-go-v2/service/internal/presigned-url v1.13.16/go.mod h1:iRSNGgOYmiYwSCXxXaKb9HfOEj40+oTKn8pTxMlYkRM=
github.com/aws/aws-sdk-go-v2/service/internal/s3shared v1.19.16 h1:NSbvS17MlI2lurYgXnCOLvCFX38sBW4eiVER7+kkgsU=
github.com/aws/aws-sdk-go-v2/service/internal/s3shared v1.19.16/go.mod h1:SwT8Tmqd4sA6G1qaGdzWCJN99bUmPGHfRwwq3G5Qb+A=
github.com/aws/aws-sdk-go-v2/service/s3 v1.94.0 h1:SWTxh/EcUCDVqi/0s26V6pVUq0BBG7kx0tDTmF/hCgA=
github.com/aws/aws-sdk-go-v2/service/s3 v1.94.0/go.mod h1:79S2BdqCJpScXZA2y+cpZuocWsjGjJINyXnOsf5DTz8=
github.com/aws/aws-sdk-go-v2/service/signin v1.0.4 h1:HpI7aMmJ+mm1wkSHIA2t5EaFFv5EFYXePW30p1EIrbQ=
github.com/aws/aws-sdk-go-v2/service/signin v1.0.4/go.mod h1:C5RdGMYGlfM0gYq/tifqgn4EbyX99V15P2V3R+VHbQU=
github.com/aws/aws-sdk-go-v2/service/sso v1.30.8 h1:aM/Q24rIlS3bRAhTyFurowU8A0SMyGDtEOY/l/s/1Uw=
github.com/aws/aws-sdk-go-v2/service/sso v1.30.8/go.mod h1:+fWt2UHSb4kS7Pu8y+BMBvJF0EWx+4H0hzNwtDNRTrg=
github.com/aws/aws-sdk-go-v2/service/ssooidc v1.35.12 h1:AHDr0DaHIAo8c9t1emrzAlVDFp+iMMKnPdYy6XO4MCE=
github.com/aws/aws-sdk-go-v2/service/ssooidc v1.35.12/go.mod h1:GQ73XawFFiWxyWXMHWfhiomvP3tXtdNar/fi8z18sx0=
github.com/aws/aws-sdk-go-v2/service/sts v1.41.5 h1:SciGFVNZ4mHdm7gpD1dgZYnCuVdX1s+lFTg4+4DOy70=
github.com/aws/aws-sdk-go-v2/service/sts v1.41.5/go.mod h1:iW40X4QBmUxdP+fZNOpfmkdMZqsovezbAeO+Ubiv2pk=
github.com/aws/smithy-go v1.24.0 h1:LpilSUItNPFr1eY85RYgTIg5eIEPtvFbskaFcmmIUnk=
github.com/aws/smithy-go v1.24.0/go.mod h1:LEj2LM3rBRQJxPZTB4KuzZkaZYnZPnvgIhb4pu07mx0=
github.com/bep/debounce v1.2.1 h1:v67fRdBA9UQu2NhLFXrSg0Brw7CexQekrBwDMM8bzeY=
github.com/bep/debounce v1.2.1/go.mod h1:H8yggRPQKLUhUoqrJC1bO2xNya7vanpDl7xR3ISbCJ0=
github.com/bi-zone/etw v0.0.0-20210519083747-fe9042eb0ea8 h1:mu/7j4dwooeHJVd40dlsefisptEztBbFMcmxp+LvBLw=
github.com/bi-zone/etw v0.0.0-20210519083747-fe9042eb0ea8/go.mod h1:zKqsOt4mtyCJdf0+N6gOlEuQYz7glH2dVg7GiNpY67M=
github.com/bits-and-blooms/bitset v1.20.0/go.mod h1:7hO7Gc7Pp1vODcmWvKMRA9BNmbv6a/7QIWpPxHddWR8=
github.com/bits-and-blooms/bitset v1.24.4 h1:95H15Og1clikBrKr/DuzMXkQzECs1M6hhoGXLwLQOZE=
github.com/bits-and-blooms/bitset v1.24.4/go.mod h1:7hO7Gc7Pp1vODcmWvKMRA9BNmbv6a/7QIWpPxHddWR8=
github.com/chromedp/cdproto v0.0.0-20260321001828-e3e3800016bc h1:wkN/LMi5vc60pBRWx6qpbk/aEvq3/ZVNpnMvsw8PVVU=
github.com/chromedp/cdproto v0.0.0-20260321001828-e3e3800016bc/go.mod h1:cbyjALe67vDvlvdiG9369P8w5U2w6IshwtyD2f2Tvag=
github.com/chromedp/chromedp v0.15.1 h1:EJWiPm7BNqDqjYy6U0lTSL5wNH+iNt9GjC3a4gfjNyQ=
github.com/chromedp/chromedp v0.15.1/go.mod h1:CdTHtUqD/dqaFw/cvFWtTydoEQS44wLBuwbMR9EkOY4=
github.com/chromedp/sysutil v1.1.0 h1:PUFNv5EcprjqXZD9nJb9b/c9ibAbxiYo4exNWZyipwM=
github.com/chromedp/sysutil v1.1.0/go.mod h1:WiThHUdltqCNKGc4gaU50XgYjwjYIhKWoHGPTUfWTJ8=
github.com/clipperhouse/uax29/v2 v2.2.0 h1:ChwIKnQN3kcZteTXMgb1wztSgaU+ZemkgWdohwgs8tY=
github.com/clipperhouse/uax29/v2 v2.2.0/go.mod h1:EFJ2TJMRUaplDxHKj1qAEhCtQPW2tJSwu5BF98AuoVM=
github.com/cpuguy83/go-md2man/v2 v2.0.6/go.mod h1:oOW0eioCTA6cOiMLiUPZOpcVxMig6NIQQ7OS05n1F4g=
github.com/davecgh/go-spew v1.1.0/go.mod h1:J7Y8YcW2NihsgmVo/mv3lAwl/skON4iLHjSsI+c5H38=
github.com/davecgh/go-spew v1.1.1/go.mod h1:J7Y8YcW2NihsgmVo/mv3lAwl/skON4iLHjSsI+c5H38=
github.com/davecgh/go-spew v1.1.2-0.20180830191138-d8f796af33cc h1:U9qPSI2PIWSS1VwoXQT9A3Wy9MM3WgvqSxFWenqJduM=
github.com/davecgh/go-spew v1.1.2-0.20180830191138-d8f796af33cc/go.mod h1:J7Y8YcW2NihsgmVo/mv3lAwl/skON4iLHjSsI+c5H38=
github.com/dblohm7/wingoes v0.0.0-20250822163801-6d8e6105c62d h1:QRKpU+9ZBDs62LyBfwhZkJdB5DJX2Sm3p4kUh7l1aA0=
github.com/dblohm7/wingoes v0.0.0-20250822163801-6d8e6105c62d/go.mod h1:SUxUaAK/0UG5lYyZR1L1nC4AaYYvSSYTWQSH3FPcxKU=
github.com/dlclark/regexp2 v1.11.5 h1:Q/sSnsKerHeCkc/jSTNq1oCm7KiVgUMZRDUoRu0JQZQ=
github.com/dlclark/regexp2 v1.11.5/go.mod h1:DHkYz0B9wPfa6wondMfaivmHpzrQ3v9q8cnmRbL6yW8=
github.com/duckdb/duckdb-go-bindings v0.1.23 h1:sJRXraxfC/gdHI2T7oHqrdp1VdKemrgqWGQ8986mH1c=
github.com/duckdb/duckdb-go-bindings v0.1.23/go.mod h1:WA7U/o+b37MK2kiOPPueVZ+FIxt5AZFCjszi8hHeH18=
github.com/duckdb/duckdb-go-bindings/darwin-amd64 v0.1.23 h1:Xyw1fWu4jzOtv2Hqkaehr7f+qbIWNRfBMbZyD+g8dyU=
github.com/duckdb/duckdb-go-bindings/darwin-amd64 v0.1.23/go.mod h1:jfbOHwGZqNCpMAxV4g4g5jmWr0gKdMvh2fGusPubxC4=
github.com/duckdb/duckdb-go-bindings/darwin-arm64 v0.1.23 h1:85Xomx5NxZ+Nt+VepUJzuMYbBTH+nB6JlBXIyJuTovA=
github.com/duckdb/duckdb-go-bindings/darwin-arm64 v0.1.23/go.mod h1:zLVtv1a7TBuTPvuAi32AIbnuw7jjaX5JElZ+urv1ydc=
github.com/duckdb/duckdb-go-bindings/linux-amd64 v0.1.23 h1:RGw8mDqQl9JdlCYV0PAfGBuVAgOguiL5Vz5W8pH8fGw=
github.com/duckdb/duckdb-go-bindings/linux-amd64 v0.1.23/go.mod h1:GCaBoYnuLZEva7BXzdXehTbqh9VSvpLB80xcmxGBGs8=
github.com/duckdb/duckdb-go-bindings/linux-arm64 v0.1.23 h1:f8NHa8DGes7vg55BxeMVm0ycddEJTRHEt813USdL0/I=
github.com/duckdb/duckdb-go-bindings/linux-arm64 v0.1.23/go.mod h1:kpQSpJmDSSZQ3ikbZR1/8UqecqMeUkWFjFX2xZxlCuI=
github.com/duckdb/duckdb-go-bindings/windows-amd64 v0.1.23 h1:HJqVo+09gT6LQWW6PlN/c7K8s0eQhv5giE7kJcMGMSU=
github.com/duckdb/duckdb-go-bindings/windows-amd64 v0.1.23/go.mod h1:wa+egSGXTPS16NPADFCK1yFyt3VSXxUS6Pt2fLnvRPM=
github.com/duckdb/duckdb-go/arrowmapping v0.0.26 h1:XKhWpNkLtIbcBE2vnKm7FaAju3daplxo8MJIXOAY/Zg=
github.com/duckdb/duckdb-go/arrowmapping v0.0.26/go.mod h1:R7egXxZcy0hxKY/MsoM2xjkMvRo4H07TffDhYCnhKfQ=
github.com/duckdb/duckdb-go/mapping v0.0.25 h1:z4RhivKCIRv0MWQwtYekqH+ikoA29/n8L+rzgreKvsc=
github.com/duckdb/duckdb-go/mapping v0.0.25/go.mod h1:CIo3WbNx3Txl+VO9+P5eNCN9ZifUA/KIp9NY1rTG/uo=
github.com/duckdb/duckdb-go/v2 v2.5.3 h1:GlT+bXW+/gCYo0Q8P9L6IvvKRzMM0/tDXj5fKkoAfCM=
github.com/duckdb/duckdb-go/v2 v2.5.3/go.mod h1:+mGhZCF5tHYIdBWrp7+KGj6JnTXdm+sBTh3ZSLhXorE=
github.com/ebitengine/purego v0.9.1 h1:a/k2f2HQU3Pi399RPW1MOaZyhKJL9w/xFpKAg4q1s0A=
github.com/ebitengine/purego v0.9.1/go.mod h1:iIjxzd6CiRiOG0UyXP+V1+jWqUXVjPKLAI0mRfJZTmQ=
github.com/energye/systray v1.0.2 h1:63R4prQkANtpM2CIA4UrDCuwZFt+FiygG77JYCsNmXc=
github.com/energye/systray v1.0.2/go.mod h1:sp7Q/q/I4/w5ebvpSuJVep71s9Bg7L9ZVp69gBASehM=
github.com/gen2brain/shm v0.1.1 h1:1cTVA5qcsUFixnDHl14TmRoxgfWEEZlTezpUj1vm5uQ=
github.com/gen2brain/shm v0.1.1/go.mod h1:UgIcVtvmOu+aCJpqJX7GOtiN7X2ct+TKLg4RTxwPIUA=
github.com/go-json-experiment/json v0.0.0-20260214004413-d219187c3433 h1:vymEbVwYFP/L05h5TKQxvkXoKxNvTpjxYKdF1Nlwuao=
github.com/go-json-experiment/json v0.0.0-20260214004413-d219187c3433/go.mod h1:tphK2c80bpPhMOI4v6bIc2xWywPfbqi1Z06+RcrMkDg=
github.com/go-ole/go-ole v1.2.6/go.mod h1:pprOEPIfldk/42T2oK7lQ4v4JSDwmV0As9GaiUsvbm0=
github.com/go-ole/go-ole v1.3.0 h1:Dt6ye7+vXGIKZ7Xtk4s6/xVdGDQynvom7xCFEdWr6uE=
github.com/go-ole/go-ole v1.3.0/go.mod h1:5LS6F96DhAwUc7C+1HLexzMXY1xGRSryjyPPKW6zv78=
github.com/go-vgo/robotgo v1.0.1 h1:4dS+dXSMPRt+VmvG4QZPlH9BNG9Jfywq4q0YjSiFN0A=
github.com/go-vgo/robotgo v1.0.1/go.mod h1:NcSL/tqNqkpWJ3rmT6YSDUVhQKZwyRsaanDMO4qkT5I=
github.com/go-viper/mapstructure/v2 v2.4.0 h1:EBsztssimR/CONLSZZ04E8qAkxNYq4Qp9LvH92wZUgs=
github.com/go-viper/mapstructure/v2 v2.4.0/go.mod h1:oJDH3BJKyqBA2TXFhDsKDGDTlndYOZ6rGS0BRZIxGhM=
github.com/gobwas/glob v0.2.3 h1:A4xDbljILXROh+kObIiy5kIaPYD8e96x1tgBhUI5J+Y=
github.com/gobwas/glob v0.2.3/go.mod h1:d3Ez4x06l9bZtSvzIay5+Yzi0fmZzPgnTbPcKjJAkT8=
github.com/gobwas/httphead v0.1.0 h1:exrUm0f4YX0L7EBwZHuCF4GDp8aJfVeBrlLQrs6NqWU=
github.com/gobwas/httphead v0.1.0/go.mod h1:O/RXo79gxV8G+RqlR/otEwx4Q36zl9rqC5u12GKvMCM=
github.com/gobwas/pool v0.2.1 h1:xfeeEhW7pwmX8nuLVlqbzVc7udMDrwetjEv+TZIz1og=
github.com/gobwas/pool v0.2.1/go.mod h1:q8bcK0KcYlCgd9e7WYLm9LpyS+YeLd8JVDW6WezmKEw=
github.com/gobwas/ws v1.4.0 h1:CTaoG1tojrh4ucGPcoJFiAQUAsEWekEWvLy7GsVNqGs=
github.com/gobwas/ws v1.4.0/go.mod h1:G3gNqMNtPppf5XUz7O4shetPpcZ1VJ7zt18dlUeakrc=
github.com/goccy/go-json v0.10.5 h1:Fq85nIqj+gXn/S5ahsiTlK3TmC85qgirsdTP/+DeaC4=
github.com/goccy/go-json v0.10.5/go.mod h1:oq7eo15ShAhp70Anwd5lgX2pLfOS3QCiwU/PULtXL6M=
github.com/gocolly/colly/v2 v2.3.0 h1:HSFh0ckbgVd2CSGRE+Y/iA4goUhGROJwyQDCMXGFBWM=
github.com/gocolly/colly/v2 v2.3.0/go.mod h1:Qp54s/kQbwCQvFVx8KzKCSTXVJ1wWT4QeAKEu33x1q8=
github.com/godbus/dbus/v5 v5.0.4/go.mod h1:xhWf0FNVPg57R7Z0UbKHbJfkEywrmjJnf7w5xrFpKfA=
github.com/godbus/dbus/v5 v5.2.0 h1:3WexO+U+yg9T70v9FdHr9kCxYlazaAXUhx2VMkbfax8=
github.com/godbus/dbus/v5 v5.2.0/go.mod h1:3AAv2+hPq5rdnr5txxxRwiGjPXamgoIHgz9FPBfOp3c=
github.com/gofrs/uuid v4.4.0+incompatible h1:3qXRTX8/NbyulANqlc0lchS1gqAVxRgsuW1YrTJupqA=
github.com/gofrs/uuid v4.4.0+incompatible/go.mod h1:b2aQJv3Z4Fp6yNu3cdSllBxTCLRxnplIgP/c0N/04lM=
github.com/golang/groupcache v0.0.0-20210331224755-41bb18bfe9da/go.mod h1:cIg4eruTrX1D+g88fzRXU5OdNfaM+9IcxsU14FzY7Hc=
github.com/golang/groupcache v0.0.0-20241129210726-2c02b8208cf8 h1:f+oWsMOmNPc8JmEHVZIycC7hBoQxHH9pNKQORJNozsQ=
github.com/golang/groupcache v0.0.0-20241129210726-2c02b8208cf8/go.mod h1:wcDNUvekVysuuOpQKo3191zZyTpiI6se1N1ULghS0sw=
github.com/golang/protobuf v1.5.0/go.mod h1:FsONVRAS9T7sI+LIUmWTfcYkHO4aIWwzhcaSAoJOfIk=
github.com/golang/protobuf v1.5.2/go.mod h1:XVQd3VNwM+JqD3oG2Ue2ip4fOMUkwXdXDdiuN0vRsmY=
github.com/golang/protobuf v1.5.4 h1:i7eJL8qZTpSEXOPTxNKhASYpMn+8e5Q6AdndVa1dWek=
github.com/golang/protobuf v1.5.4/go.mod h1:lnTiLA8Wa4RWRcIUkrtSVa5nRhsEGBg48fD6rSs7xps=
github.com/golang/snappy v1.0.0 h1:Oy607GVXHs7RtbggtPBnr2RmDArIsAefDwvrdWvRhGs=
github.com/golang/snappy v1.0.0/go.mod h1:/XxbfmMg8lxefKM7IXC3fBNl/7bRcc72aCRzEWrmP2Q=
github.com/google/flatbuffers v25.2.10+incompatible h1:F3vclr7C3HpB1k9mxCGRMXq6FdUalZ6H/pNX4FP1v0Q=
github.com/google/flatbuffers v25.2.10+incompatible/go.mod h1:1AeVuKshWv4vARoZatz6mlQ0JxURH0Kv5+zNeJKJCa8=
github.com/google/go-cmp v0.5.5/go.mod h1:v8dTdLbMG2kIc/vJvl+f65V22dbkXbowE6jgT/gNBxE=
github.com/google/go-cmp v0.6.0/go.mod h1:17dUlkBOakJ0+DkrSSNjCkIjxS6bF9zb3elmeNGIjoY=
github.com/google/go-cmp v0.7.0 h1:wk8382ETsv4JYUZwIsn6YpYiWiBsYLSJiTsyBybVuN8=
github.com/google/go-cmp v0.7.0/go.mod h1:pXiqmnSA92OHEEa9HXL2W4E7lf9JzCmGVUdgjX3N/iU=
github.com/google/uuid v1.6.0 h1:NIvaJDMOsjHA8n1jAhLSgzrAzy1Hgr+hNrb57e+94F0=
github.com/google/uuid v1.6.0/go.mod h1:TIyPZe4MgqvfeYDBFedMoGGpEw/LqOeaOT+nhxU+yHo=
github.com/gorilla/websocket v1.5.3 h1:saDtZ6Pbx/0u+bgYQ3q96pZgCzfhKXGPqt7kZ72aNNg=
github.com/gorilla/websocket v1.5.3/go.mod h1:YR8l580nyteQvAITg2hZ9XVh4b55+EU/adAjf1fMHhE=
github.com/hashicorp/errwrap v1.0.0/go.mod h1:YH+1FKiLXxHSkmPseP+kNlulaMuP3n2brvKWEqk/Jc4=
github.com/hashicorp/errwrap v1.1.0 h1:OxrOeh75EUXMY8TBjag2fzXGZ40LB6IKw45YeGUDY2I=
github.com/hashicorp/errwrap v1.1.0/go.mod h1:YH+1FKiLXxHSkmPseP+kNlulaMuP3n2brvKWEqk/Jc4=
github.com/hashicorp/go-multierror v1.1.1 h1:H5DkEtf6CXdFp0N0Em5UCwQpXMWke8IA0+lD48awMYo=
github.com/hashicorp/go-multierror v1.1.1/go.mod h1:iw975J/qwKPdAO1clOe2L8331t/9/fmwbPZ6JB6eMoM=
github.com/hbollon/go-edlib v1.7.0 h1:Jt3AtZ+AdgtJhzkrCFvkbdbNL3KCqZlGioLnUfwsxeU=
github.com/hbollon/go-edlib v1.7.0/go.mod h1:wnt6o6EIVEzUfgbUZY7BerzQ2uvzp354qmS2xaLkrhM=
github.com/inconshreveable/mousetrap v1.1.0 h1:wN+x4NVGpMsO7ErUn/mUI3vEoE6Jt13X2s0bqwp9tc8=
github.com/inconshreveable/mousetrap v1.1.0/go.mod h1:vpF70FUmC8bwa3OWnCshd2FqLfsEA9PFc4w1p2J65bw=
github.com/jchv/go-winloader v0.0.0-20210711035445-715c2860da7e h1:Q3+PugElBCf4PFpxhErSzU3/PY5sFL5Z6rfv4AbGAck=
github.com/jchv/go-winloader v0.0.0-20210711035445-715c2860da7e/go.mod h1:alcuEEnZsY1WQsagKhZDsoPCRoOijYqhZvPwLG0kzVs=
github.com/jezek/xgb v1.2.0 h1:LzgkD11wOrPnxXEqo588cnjUt4NwMHrFh/tgajo50Q0=
github.com/jezek/xgb v1.2.0/go.mod h1:nrhwO0FX/enq75I7Y7G8iN1ubpSGZEiA3v9e9GyRFlk=
github.com/kennygrant/sanitize v1.2.4 h1:gN25/otpP5vAsO2djbMhF/LQX6R7+O1TB4yv8NzpJ3o=
github.com/kennygrant/sanitize v1.2.4/go.mod h1:LGsjYYtgxbetdg5owWB2mpgUL6e2nfw2eObZ0u0qvak=
github.com/klauspost/asmfmt v1.3.2 h1:4Ri7ox3EwapiOjCki+hw14RyKk201CN4rzyCJRFLpK4=
github.com/klauspost/asmfmt v1.3.2/go.mod h1:AG8TuvYojzulgDAMCnYn50l/5QV3Bs/tp6j0HLHbNSE=
github.com/klauspost/compress v1.18.0 h1:c/Cqfb0r+Yi+JtIEq73FWXVkRonBlf0CRNYc8Zttxdo=
github.com/klauspost/compress v1.18.0/go.mod h1:2Pp+KzxcywXVXMr50+X0Q/Lsb43OQHYWRCY2AiWywWQ=
github.com/klauspost/cpuid/v2 v2.3.0 h1:S4CRMLnYUhGeDFDqkGriYKdfoFlDnMtqTiI/sFzhA9Y=
github.com/klauspost/cpuid/v2 v2.3.0/go.mod h1:hqwkgyIinND0mEev00jJYCxPNVRVXFQeu1XKlok6oO0=
github.com/konsorten/go-windows-terminal-sequences v1.0.1/go.mod h1:T0+1ngSBFLxvqU3pZ+m/2kptfBszLMUkC4ZK/EgS/cQ=
github.com/labstack/echo/v4 v4.13.3 h1:pwhpCPrTl5qry5HRdM5FwdXnhXSLSY+WE+YQSeCaafY=
github.com/labstack/echo/v4 v4.13.3/go.mod h1:o90YNEeQWjDozo584l7AwhJMHN0bOC4tAfg+Xox9q5g=
github.com/labstack/gommon v0.4.2 h1:F8qTUNXgG1+6WQmqoUWnz8WiEU60mXVVw0P4ht1WRA0=
github.com/labstack/gommon v0.4.2/go.mod h1:QlUFxVM+SNXhDL/Z7YhocGIBYOiwB0mXm1+1bAPHPyU=
github.com/leaanthony/debme v1.2.1 h1:9Tgwf+kjcrbMQ4WnPcEIUcQuIZYqdWftzZkBr+i/oOc=
github.com/leaanthony/debme v1.2.1/go.mod h1:3V+sCm5tYAgQymvSOfYQ5Xx2JCr+OXiD9Jkw3otUjiA=
github.com/leaanthony/go-ansi-parser v1.6.1 h1:xd8bzARK3dErqkPFtoF9F3/HgN8UQk0ed1YDKpEz01A=
github.com/leaanthony/go-ansi-parser v1.6.1/go.mod h1:+vva/2y4alzVmmIEpk9QDhA7vLC5zKDTRwfZGOp3IWU=
github.com/leaanthony/gosod v1.0.4 h1:YLAbVyd591MRffDgxUOU1NwLhT9T1/YiwjKZpkNFeaI=
github.com/leaanthony/gosod v1.0.4/go.mod h1:GKuIL0zzPj3O1SdWQOdgURSuhkF+Urizzxh26t9f1cw=
github.com/leaanthony/slicer v1.6.0 h1:1RFP5uiPJvT93TAHi+ipd3NACobkW53yUiBqZheE/Js=
github.com/leaanthony/slicer v1.6.0/go.mod h1:o/Iz29g7LN0GqH3aMjWAe90381nyZlDNquK+mtH2Fj8=
github.com/leaanthony/u v1.1.1 h1:TUFjwDGlNX+WuwVEzDqQwC2lOv0P4uhTQw7CMFdiK7M=
github.com/leaanthony/u v1.1.1/go.mod h1:9+o6hejoRljvZ3BzdYlVL0JYCwtnAsVuN9pVTQcaRfI=
github.com/ledongthuc/pdf v0.0.0-20220302134840-0c2507a12d80 h1:6Yzfa6GP0rIo/kULo2bwGEkFvCePZ3qHDDTC3/J9Swo=
github.com/ledongthuc/pdf v0.0.0-20220302134840-0c2507a12d80/go.mod h1:imJHygn/1yfhB7XSJJKlFZKl/J+dCPAknuiaGOshXAs=
github.com/lufia/plan9stats v0.0.0-20251013123823-9fd1530e3ec3 h1:PwQumkgq4/acIiZhtifTV5OUqqiP82UAl0h87xj/l9k=
github.com/lufia/plan9stats v0.0.0-20251013123823-9fd1530e3ec3/go.mod h1:autxFIvghDt3jPTLoqZ9OZ7s9qTGNAWmYCjVFWPX/zg=
github.com/matryer/is v1.4.0/go.mod h1:8I/i5uYgLzgsgEloJE1U6xx5HkBQpAZvepWuujKwMRU=
github.com/matryer/is v1.4.1 h1:55ehd8zaGABKLXQUe2awZ99BD/PTc2ls+KV/dXphgEQ=
github.com/matryer/is v1.4.1/go.mod h1:8I/i5uYgLzgsgEloJE1U6xx5HkBQpAZvepWuujKwMRU=
github.com/mattn/go-colorable v0.1.13 h1:fFA4WZxdEF4tXPZVKMLwD8oUnCTTo08duU7wxecdEvA=
github.com/mattn/go-colorable v0.1.13/go.mod h1:7S9/ev0klgBDR4GtXTXX8a3vIGJpMovkB8vQcUbaXHg=
github.com/mattn/go-isatty v0.0.16/go.mod h1:kYGgaQfpe5nmfYZH+SKPsOc2e4SrIfOl2e/yFXSvRLM=
github.com/mattn/go-isatty v0.0.20 h1:xfD0iDuEKnDkl03q4limB+vH+GxLEtL/jb4xVJSWWEY=
github.com/mattn/go-isatty v0.0.20/go.mod h1:W+V8PltTTMOvKvAeJH7IuucS94S2C6jfK/D7dTCTo3Y=
github.com/mattn/go-runewidth v0.0.19 h1:v++JhqYnZuu5jSKrk9RbgF5v4CGUjqRfBm05byFGLdw=
github.com/mattn/go-runewidth v0.0.19/go.mod h1:XBkDxAl56ILZc9knddidhrOlY5R/pDhgLpndooCuJAs=
github.com/minio/asm2plan9s v0.0.0-20200509001527-cdd76441f9d8 h1:AMFGa4R4MiIpspGNG7Z948v4n35fFGB3RR3G/ry4FWs=
github.com/minio/asm2plan9s v0.0.0-20200509001527-cdd76441f9d8/go.mod h1:mC1jAcsrzbxHt8iiaC+zU4b1ylILSosueou12R++wfY=
github.com/minio/c2goasm v0.0.0-20190812172519-36a3d3bbc4f3 h1:+n/aFZefKZp7spd8DFdX7uMikMLXX4oubIzJF4kv/wI=
github.com/minio/c2goasm v0.0.0-20190812172519-36a3d3bbc4f3/go.mod h1:RagcQ7I8IeTMnF8JTXieKnO4Z6JCsikNEzj0DwauVzE=
github.com/nfnt/resize v0.0.0-20180221191011-83c6a9932646 h1:zYyBkD/k9seD2A7fsi6Oo2LfFZAehjjQMERAvZLEDnQ=
github.com/nfnt/resize v0.0.0-20180221191011-83c6a9932646/go.mod h1:jpp1/29i3P1S/RLdc7JQKbRpFeM1dOBd8T9ki5s+AY8=
github.com/nlnwa/whatwg-url v0.6.2 h1:jU61lU2ig4LANydbEJmA2nPrtCGiKdtgT0rmMd2VZ/Q=
github.com/nlnwa/whatwg-url v0.6.2/go.mod h1:x0FPXJzzOEieQtsBT/AKvbiBbQ46YlL6Xa7m02M1ECk=
github.com/orisano/pixelmatch v0.0.0-20220722002657-fb0b55479cde h1:x0TT0RDC7UhAVbbWWBzr41ElhJx5tXPWkIHA2HWPRuw=
github.com/orisano/pixelmatch v0.0.0-20220722002657-fb0b55479cde/go.mod h1:nZgzbfBr3hhjoZnS66nKrHmduYNpc34ny7RK4z5/HM0=
github.com/otiai10/gosseract/v2 v2.4.1 h1:G8AyBpXEeSlcq8TI85LH/pM5SXk8Djy2GEXisgyblRw=
github.com/otiai10/gosseract/v2 v2.4.1/go.mod h1:1gNWP4Hgr2o7yqWfs6r5bZxAatjOIdqWxJLWsTsembk=
github.com/otiai10/mint v1.6.3 h1:87qsV/aw1F5as1eH1zS/yqHY85ANKVMgkDrf9rcxbQs=
github.com/otiai10/mint v1.6.3/go.mod h1:MJm72SBthJjz8qhefc4z1PYEieWmy8Bku7CjcAqyUSM=
github.com/pierrec/lz4/v4 v4.1.22 h1:cKFw6uJDK+/gfw5BcDL0JL5aBsAFdsIT18eRtLj7VIU=
github.com/pierrec/lz4/v4 v4.1.22/go.mod h1:gZWDp/Ze/IJXGXf23ltt2EXimqmTUXEy0GFuRQyBid4=
github.com/pkg/browser v0.0.0-20240102092130-5ac0b6a4141c h1:+mdjkGKdHQG3305AYmdv1U2eRNDiU2ErMBj1gwrq8eQ=
github.com/pkg/browser v0.0.0-20240102092130-5ac0b6a4141c/go.mod h1:7rwL4CYBLnjLxUqIJNnCWiEdr3bn6IUYi15bNlnbCCU=
github.com/pkg/errors v0.8.1/go.mod h1:bwawxfHBFNV+L2hUp1rHADufV3IMtnDRdf1r5NINEl0=
github.com/pkg/errors v0.9.1 h1:FEBLx1zS214owpjy7qsBeixbURkuhQAwrK5UwLGTwt4=
github.com/pkg/errors v0.9.1/go.mod h1:bwawxfHBFNV+L2hUp1rHADufV3IMtnDRdf1r5NINEl0=
github.com/pmezard/go-difflib v1.0.0/go.mod h1:iKH77koFhYxTK1pcRnkKkqfTogsbg7gZNVY4sRDYZ/4=
github.com/pmezard/go-difflib v1.0.1-0.20181226105442-5d4384ee4fb2 h1:Jamvg5psRIccs7FGNTlIRMkT8wgtp5eCXdBlqhYGL6U=
github.com/pmezard/go-difflib v1.0.1-0.20181226105442-5d4384ee4fb2/go.mod h1:iKH77koFhYxTK1pcRnkKkqfTogsbg7gZNVY4sRDYZ/4=
github.com/power-devops/perfstat v0.0.0-20240221224432-82ca36839d55 h1:o4JXh1EVt9k/+g42oCprj/FisM4qX9L3sZB3upGN2ZU=
github.com/power-devops/perfstat v0.0.0-20240221224432-82ca36839d55/go.mod h1:OmDBASR4679mdNQnz2pUhc2G8CO2JrUAVFDRBDP/hJE=
github.com/rivo/uniseg v0.2.0/go.mod h1:J6wj4VEh+S6ZtnVlnTBMWIodfgj8LQOQFoIToxlJtxc=
github.com/rivo/uniseg v0.4.7 h1:WUdvkW8uEhrYfLC4ZzdpI2ztxP1I582+49Oc5Mq64VQ=
github.com/rivo/uniseg v0.4.7/go.mod h1:FN3SvrM+Zdj16jyLfmOkMNblXMcoc8DfTHruCPUcx88=
github.com/robotn/xgb v0.0.0-20190912153532-2cb92d044934/go.mod h1:SxQhJskUJ4rleVU44YvnrdvxQr0tKy5SRSigBrCgyyQ=
github.com/robotn/xgb v0.10.0 h1:O3kFbIwtwZ3pgLbp1h5slCQ4OpY8BdwugJLrUe6GPIM=
github.com/robotn/xgb v0.10.0/go.mod h1:SxQhJskUJ4rleVU44YvnrdvxQr0tKy5SRSigBrCgyyQ=
github.com/robotn/xgbutil v0.10.0 h1:gvf7mGQqCWQ68aHRtCxgdewRk+/KAJui6l3MJQQRCKw=
github.com/robotn/xgbutil v0.10.0/go.mod h1:svkDXUDQjUiWzLrA0OZgHc4lbOts3C+uRfP6/yjwYnU=
github.com/russross/blackfriday/v2 v2.1.0/go.mod h1:+Rmxgy9KzJVeS9/2gXHxylqXiyQDYRxCVz55jmeOWTM=
github.com/saintfish/chardet v0.0.0-20230101081208-5e3ef4b5456d h1:hrujxIzL1woJ7AwssoOcM/tq5JjjG2yYOc8odClEiXA=
github.com/saintfish/chardet v0.0.0-20230101081208-5e3ef4b5456d/go.mod h1:uugorj2VCxiV1x+LzaIdVa9b4S4qGAcH6cbhh4qVxOU=
github.com/samber/lo v1.49.1 h1:4BIFyVfuQSEpluc7Fua+j1NolZHiEHEpaSEKdsH0tew=
github.com/samber/lo v1.49.1/go.mod h1:dO6KHFzUKXgP8LDhU0oI8d2hekjXnGOu0DB8Jecxd6o=
github.com/shirou/gopsutil/v4 v4.25.10 h1:at8lk/5T1OgtuCp+AwrDofFRjnvosn0nkN2OLQ6g8tA=
github.com/shirou/gopsutil/v4 v4.25.10/go.mod h1:+kSwyC8DRUD9XXEHCAFjK+0nuArFJM0lva+StQAcskM=
github.com/sirupsen/logrus v1.4.1/go.mod h1:ni0Sbl8bgC9z8RoU9G6nDWqqs/fq4eDPysMBDgk/93Q=
github.com/spf13/cobra v1.10.2 h1:DMTTonx5m65Ic0GOoRY2c16WCbHxOOw6xxezuLaBpcU=
github.com/spf13/cobra v1.10.2/go.mod h1:7C1pvHqHw5A4vrJfjNwvOdzYu0Gml16OCs2GRiTUUS4=
github.com/spf13/pflag v1.0.9 h1:9exaQaMOCwffKiiiYk6/BndUBv+iRViNW+4lEMi0PvY=
github.com/spf13/pflag v1.0.9/go.mod h1:McXfInJRrz4CZXVZOBLb0bTZqETkiAhM9Iw0y3An2Bg=
github.com/stretchr/objx v0.1.0/go.mod h1:HFkY916IF+rwdDfMAkV7OtwuqBVzrE8GR6GFx+wExME=
github.com/stretchr/objx v0.1.1/go.mod h1:HFkY916IF+rwdDfMAkV7OtwuqBVzrE8GR6GFx+wExME=
github.com/stretchr/testify v1.2.2/go.mod h1:a8OnRcib4nhh0OaRAV+Yts87kKdq0PP7pXfy6kDkUVs=
github.com/stretchr/testify v1.3.0/go.mod h1:M5WIy9Dh21IEIfnGCwXGc5bZfKNJtfHm1UVUgZn+9EI=
github.com/stretchr/testify v1.11.1 h1:7s2iGBzp5EwR7/aIZr8ao5+dra3wiQyKjjFuvgVKu7U=
github.com/stretchr/testify v1.11.1/go.mod h1:wZwfW3scLgRK+23gO65QZefKpKQRnfz6sD981Nm4B6U=
github.com/tailscale/win v0.0.0-20250627215312-f4da2b8ee071 h1:qo7kOhoN5DHioXNlFytBzIoA5glW6lsb8YqV0lP3IyE=
github.com/tailscale/win v0.0.0-20250627215312-f4da2b8ee071/go.mod h1:aMd4yDHLjbOuYP6fMxj1d9ACDQlSWwYztcpybGHCQc8=
github.com/tc-hib/winres v0.3.1 h1:CwRjEGrKdbi5CvZ4ID+iyVhgyfatxFoizjPhzez9Io4=
github.com/tc-hib/winres v0.3.1/go.mod h1:C/JaNhH3KBvhNKVbvdlDWkbMDO9H4fKKDaN7/07SSuk=
github.com/temoto/robotstxt v1.1.2 h1:W2pOjSJ6SWvldyEuiFXNxz3xZ8aiWX5LbfDiOFd7Fxg=
github.com/temoto/robotstxt v1.1.2/go.mod h1:+1AmkuG3IYkh1kv0d2qEB9Le88ehNO0zwOr3ujewlOo=
github.com/tevino/abool v0.0.0-20220530134649-2bfc934cb23c h1:coVla7zpsycc+kA9NXpcvv2E4I7+ii6L5hZO2S6C3kw=
github.com/tevino/abool v0.0.0-20220530134649-2bfc934cb23c/go.mod h1:qc66Pna1RiIsPa7O4Egxxs9OqkuxDX55zznh9K07Tzg=
github.com/tklauser/go-sysconf v0.3.16 h1:frioLaCQSsF5Cy1jgRBrzr6t502KIIwQ0MArYICU0nA=
github.com/tklauser/go-sysconf v0.3.16/go.mod h1:/qNL9xxDhc7tx3HSRsLWNnuzbVfh3e7gh/BmM179nYI=
github.com/tklauser/numcpus v0.11.0 h1:nSTwhKH5e1dMNsCdVBukSZrURJRoHbSEQjdEbY+9RXw=
github.com/tklauser/numcpus v0.11.0/go.mod h1:z+LwcLq54uWZTX0u/bGobaV34u6V7KNlTZejzM6/3MQ=
github.com/tkrajina/go-reflector v0.5.8 h1:yPADHrwmUbMq4RGEyaOUpz2H90sRsETNVpjzo3DLVQQ=
github.com/tkrajina/go-reflector v0.5.8/go.mod h1:ECbqLgccecY5kPmPmXg1MrHW585yMcDkVl6IvJe64T4=
github.com/valyala/bytebufferpool v1.0.0 h1:GqA5TC/0021Y/b9FG4Oi9Mr3q7XYx6KllzawFIhcdPw=
github.com/valyala/bytebufferpool v1.0.0/go.mod h1:6bBcMArwyJ5K/AmCkWv1jt77kVWyCJ6HpOuEn7z0Csc=
github.com/valyala/fasttemplate v1.2.2 h1:lxLXG0uE3Qnshl9QyaK6XJxMXlQZELvChBOCmQD0Loo=
github.com/valyala/fasttemplate v1.2.2/go.mod h1:KHLXt3tVN2HBp8eijSv/kGJopbvo7S+qRAEEKiv+SiQ=
github.com/vcaesar/gops v0.41.0 h1:FG748Jyw3FOuZnbzSgB+CQSx2e5LbLCPWV2JU1brFdc=
github.com/vcaesar/gops v0.41.0/go.mod h1:/3048L7Rj7QjQKTSB+kKc7hDm63YhTWy5QJ10TCP37A=
github.com/vcaesar/imgo v0.41.0 h1:kNLYGrThXhB9Dd6IwFmfPnxq9P6yat2g7dpPjr7OWO8=
github.com/vcaesar/imgo v0.41.0/go.mod h1:/LGOge8etlzaVu/7l+UfhJxR6QqaoX5yeuzGIMfWb4I=
github.com/vcaesar/keycode v0.10.1 h1:0DesGmMAPWpYTCYddOFiCMKCDKgNnwiQa2QXindVUHw=
github.com/vcaesar/keycode v0.10.1/go.mod h1:JNlY7xbKsh+LAGfY2j4M3znVrGEm5W1R8s/Uv6BJcfQ=
github.com/vcaesar/screenshot v0.11.1 h1:GgPuN89XC4Yh38dLx4quPlSo3YiWWhwIria/j3LtrqU=
github.com/vcaesar/screenshot v0.11.1/go.mod h1:gJNwHBiP1v1v7i8TQ4yV1XJtcyn2I/OJL7OziVQkwjs=
github.com/vcaesar/tt v0.20.1 h1:D/jUeeVCNbq3ad8M7hhtB3J9x5RZ6I1n1eZ0BJp7M+4=
github.com/vcaesar/tt v0.20.1/go.mod h1:cH2+AwGAJm19Wa6xvEa+0r+sXDJBT0QgNQey6mwqLeU=
github.com/vmware/govmomi v0.37.0 h1:xX5AnIrVn4yfH0fYSjyjMg/Kq6q7cNxA+vyfV5YcF70=
github.com/vmware/govmomi v0.37.0/go.mod h1:mtGWtM+YhTADHlCgJBiskSRPOZRsN9MSjPzaZLte/oQ=
github.com/wailsapp/go-webview2 v1.0.22 h1:YT61F5lj+GGaat5OB96Aa3b4QA+mybD0Ggq6NZijQ58=
github.com/wailsapp/go-webview2 v1.0.22/go.mod h1:qJmWAmAmaniuKGZPWwne+uor3AHMB5PFhqiK0Bbj8kc=
github.com/wailsapp/mimetype v1.4.1 h1:pQN9ycO7uo4vsUUuPeHEYoUkLVkaRntMnHJxVwYhwHs=
github.com/wailsapp/mimetype v1.4.1/go.mod h1:9aV5k31bBOv5z6u+QP8TltzvNGJPmNJD4XlAL3U+j3o=
github.com/wailsapp/wails/v2 v2.11.0 h1:seLacV8pqupq32IjS4Y7V8ucab0WZwtK6VvUVxSBtqQ=
github.com/wailsapp/wails/v2 v2.11.0/go.mod h1:jrf0ZaM6+GBc1wRmXsM8cIvzlg0karYin3erahI4+0k=
github.com/yuin/goldmark v1.4.13/go.mod h1:6yULJ656Px+3vBD8DxQVa3kxgyrAnzto9xy5taEt/CY=
github.com/yusufpapurcu/wmi v1.2.4 h1:zFUKzehAFReQwLys1b/iSMl+JQGSCSjtVqQn9bBrPo0=
github.com/yusufpapurcu/wmi v1.2.4/go.mod h1:SBZ9tNy3G9/m5Oi98Zks0QjeHVDvuK0qfxQmPyzfmi0=
github.com/zeebo/assert v1.3.0 h1:g7C04CbJuIDKNPFHmsk4hwZDO5O+kntRxzaUoNXj+IQ=
github.com/zeebo/assert v1.3.0/go.mod h1:Pq9JiuJQpG8JLJdtkwrJESF0Foym2/D9XMU5ciN/wJ0=
github.com/zeebo/xxh3 v1.0.2 h1:xZmwmqxHZA8AI603jOQ0tMqmBr9lPeFwGg6d+xy9DC0=
github.com/zeebo/xxh3 v1.0.2/go.mod h1:5NWz9Sef7zIDm2JHfFlcQvNekmcEl9ekUZQQKCYaDcA=
go.yaml.in/yaml/v3 v3.0.4/go.mod h1:DhzuOOF2ATzADvBadXxruRBLzYTpT36CKvDb3+aBEFg=
gobot.io/x/gobot/v2 v2.6.0 h1:Lb4fS5Ok2E/J/8h5Vhg96aqPxJq1CbX7l8+7c2l2W+k=
gobot.io/x/gobot/v2 v2.6.0/go.mod h1:vnQwnPY/k5nZoUi0kTjTMsPikPg55hWflWUhFcePV2s=
golang.org/x/crypto v0.0.0-20190308221718-c2843e01d9a2/go.mod h1:djNgcEr1/C05ACkg1iLfiJU5Ep61QUkGW8qpdssI0+w=
golang.org/x/crypto v0.0.0-20210921155107-089bfa567519/go.mod h1:GvvjBRRGRdwPK5ydBHafDWAxML/pGHZbMvKqRZ5+Abc=
golang.org/x/crypto v0.13.0/go.mod h1:y6Z2r+Rw4iayiXXAIxJIDAJ1zMW4yaTpebo8fPOliYc=
golang.org/x/crypto v0.19.0/go.mod h1:Iy9bg/ha4yyC70EfRS8jz+B6ybOBKMaSxLj6P6oBDfU=
golang.org/x/crypto v0.23.0/go.mod h1:CKFgDieR+mRhux2Lsu27y0fO304Db0wZe70UKqHu0v8=
golang.org/x/crypto v0.31.0/go.mod h1:kDsLvtWBEx7MV9tJOj9bnXsPbxwJQ6csT/x4KIN4Ssk=
golang.org/x/crypto v0.32.0/go.mod h1:ZnnJkOaASj8g0AjIduWNlq2NRxL0PlBrbKVyZ6V/Ugc=
golang.org/x/crypto v0.47.0 h1:V6e3FRj+n4dbpw86FJ8Fv7XVOql7TEwpHapKoMJ/GO8=
golang.org/x/crypto v0.47.0/go.mod h1:ff3Y9VzzKbwSSEzWqJsJVBnWmRwRSHt/6Op5n9bQc4A=
golang.org/x/exp v0.0.0-20251125195548-87e1e737ad39 h1:DHNhtq3sNNzrvduZZIiFyXWOL9IWaDPHqTnLJp+rCBY=
golang.org/x/exp v0.0.0-20251125195548-87e1e737ad39/go.mod h1:46edojNIoXTNOhySWIWdix628clX9ODXwPsQuG6hsK0=
golang.org/x/image v0.35.0 h1:LKjiHdgMtO8z7Fh18nGY6KDcoEtVfsgLDPeLyguqb7I=
golang.org/x/image v0.35.0/go.mod h1:MwPLTVgvxSASsxdLzKrl8BRFuyqMyGhLwmC+TO1Sybk=
golang.org/x/mod v0.6.0-dev.0.20220419223038-86c51ed26bb4/go.mod h1:jJ57K6gSWd91VN4djpZkiMVwK6gcyfeH4XE8wZrZaV4=
golang.org/x/mod v0.8.0/go.mod h1:iBbtSCu2XBx23ZKBPSOrRkjjQPZFPuis4dIYUhu/chs=
golang.org/x/mod v0.12.0/go.mod h1:iBbtSCu2XBx23ZKBPSOrRkjjQPZFPuis4dIYUhu/chs=
golang.org/x/mod v0.15.0/go.mod h1:hTbmBsO62+eylJbnUtE2MGJUyE7QWk4xUqPFrRgJ+7c=
golang.org/x/mod v0.17.0/go.mod h1:hTbmBsO62+eylJbnUtE2MGJUyE7QWk4xUqPFrRgJ+7c=
golang.org/x/mod v0.32.0 h1:9F4d3PHLljb6x//jOyokMv3eX+YDeepZSEo3mFJy93c=
golang.org/x/mod v0.32.0/go.mod h1:SgipZ/3h2Ci89DlEtEXWUk/HteuRin+HHhN+WbNhguU=
golang.org/x/net v0.0.0-20190620200207-3b0461eec859/go.mod h1:z5CRVTTTmAJ677TzLLGU+0bjPO0LkuOLi4/5GtJWs/s=
golang.org/x/net v0.0.0-20210226172049-e18ecbb05110/go.mod h1:m0MpNAwzfU5UDzcl9v0D8zg8gWTRqZa9RBIspLL5mdg=
golang.org/x/net v0.0.0-20210505024714-0287a6fb4125/go.mod h1:9nx3DQGgdP8bBQD5qxJ1jj9UTztislL4KSBs9R2vV5Y=
golang.org/x/net v0.0.0-20220722155237-a158d28d115b/go.mod h1:XRhObCWvk6IyKnWLug+ECip1KBveYUHfp+8e9klMJ9c=
golang.org/x/net v0.6.0/go.mod h1:2Tu9+aMcznHK/AK1HMvgo6xiTLG5rD5rZLDS+rp2Bjs=
golang.org/x/net v0.10.0/go.mod h1:0qNGK6F8kojg2nk9dLZ2mShWaEBan6FAoqfSigmmuDg=
golang.org/x/net v0.15.0/go.mod h1:idbUs1IY1+zTqbi8yxTbhexhEEk5ur9LInksu6HrEpk=
golang.org/x/net v0.21.0/go.mod h1:bIjVDfnllIU7BJ2DNgfnXvpSvtn8VRwhlsaeUTyUS44=
golang.org/x/net v0.25.0/go.mod h1:JkAGAh7GEvH74S6FOH42FLoXpXbE/aqXSrIQjXgsiwM=
golang.org/x/net v0.33.0/go.mod h1:HXLR5J+9DxmrqMwG9qjGCxZ+zKXxBru04zlTvWlWuN4=
golang.org/x/net v0.34.0/go.mod h1:di0qlW3YNM5oh6GqDGQr92MyTozJPmybPK4Ev/Gm31k=
golang.org/x/net v0.49.0 h1:eeHFmOGUTtaaPSGNmjBKpbng9MulQsJURQUAfUwY++o=
golang.org/x/net v0.49.0/go.mod h1:/ysNB2EvaqvesRkuLAyjI1ycPZlQHM3q01F02UY/MV8=
golang.org/x/sync v0.0.0-20190423024810-112230192c58/go.mod h1:RxMgew5VJxzue5/jJTE5uejpjVlOe/izrB70Jof72aM=
golang.org/x/sync v0.0.0-20220722155255-886fb9371eb4/go.mod h1:RxMgew5VJxzue5/jJTE5uejpjVlOe/izrB70Jof72aM=
golang.org/x/sync v0.1.0/go.mod h1:RxMgew5VJxzue5/jJTE5uejpjVlOe/izrB70Jof72aM=
golang.org/x/sync v0.3.0/go.mod h1:FU7BRWz2tNW+3quACPkgCx/L+uEAv1htQ0V83Z9Rj+Y=
golang.org/x/sync v0.6.0/go.mod h1:Czt+wKu1gCyEFDUtn0jG5QVvpJ6rzVqr5aXyt9drQfk=
golang.org/x/sync v0.7.0/go.mod h1:Czt+wKu1gCyEFDUtn0jG5QVvpJ6rzVqr5aXyt9drQfk=
golang.org/x/sync v0.10.0/go.mod h1:Czt+wKu1gCyEFDUtn0jG5QVvpJ6rzVqr5aXyt9drQfk=
golang.org/x/sync v0.19.0 h1:vV+1eWNmZ5geRlYjzm2adRgW2/mcpevXNg50YZtPCE4=
golang.org/x/sync v0.19.0/go.mod h1:9KTHXmSnoGruLpwFjVSX0lNNA75CykiMECbovNTZqGI=
golang.org/x/sys v0.0.0-20180905080454-ebe1bf3edb33/go.mod h1:STP8DvDyc/dI5b8T5hshtkjS+E42TnysNCUPdjciGhY=
golang.org/x/sys v0.0.0-20190215142949-d0b11bdaac8a/go.mod h1:STP8DvDyc/dI5b8T5hshtkjS+E42TnysNCUPdjciGhY=
golang.org/x/sys v0.0.0-20190507160741-ecd444e8653b/go.mod h1:h1NjWce9XRLGQEsW7wpKNCjG9DtNlClVuFLEZdDNbEs=
golang.org/x/sys v0.0.0-20190916202348-b4ddaad3f8a3/go.mod h1:h1NjWce9XRLGQEsW7wpKNCjG9DtNlClVuFLEZdDNbEs=
golang.org/x/sys v0.0.0-20200302150141-5c8b2ff67527/go.mod h1:h1NjWce9XRLGQEsW7wpKNCjG9DtNlClVuFLEZdDNbEs=
golang.org/x/sys v0.0.0-20200515095857-1151b9dac4a9/go.mod h1:h1NjWce9XRLGQEsW7wpKNCjG9DtNlClVuFLEZdDNbEs=
golang.org/x/sys v0.0.0-20200810151505-1b9f1253b3ed/go.mod h1:h1NjWce9XRLGQEsW7wpKNCjG9DtNlClVuFLEZdDNbEs=
golang.org/x/sys v0.0.0-20201119102817-f84b799fce68/go.mod h1:h1NjWce9XRLGQEsW7wpKNCjG9DtNlClVuFLEZdDNbEs=
golang.org/x/sys v0.0.0-20201204225414-ed752295db88/go.mod h1:h1NjWce9XRLGQEsW7wpKNCjG9DtNlClVuFLEZdDNbEs=
golang.org/x/sys v0.0.0-20210423082822-04245dca01da/go.mod h1:h1NjWce9XRLGQEsW7wpKNCjG9DtNlClVuFLEZdDNbEs=
golang.org/x/sys v0.0.0-20210615035016-665e8c7367d1/go.mod h1:oPkhp1MJrh7nUepCBck5+mAzfO9JrbApNNgaTdGDITg=
golang.org/x/sys v0.0.0-20220520151302-bc2c85ada10a/go.mod h1:oPkhp1MJrh7nUepCBck5+mAzfO9JrbApNNgaTdGDITg=
golang.org/x/sys v0.0.0-20220722155257-8c9f86f7a55f/go.mod h1:oPkhp1MJrh7nUepCBck5+mAzfO9JrbApNNgaTdGDITg=
golang.org/x/sys v0.0.0-20220811171246-fbc7d0a398ab/go.mod h1:oPkhp1MJrh7nUepCBck5+mAzfO9JrbApNNgaTdGDITg=
golang.org/x/sys v0.1.0/go.mod h1:oPkhp1MJrh7nUepCBck5+mAzfO9JrbApNNgaTdGDITg=
golang.org/x/sys v0.5.0/go.mod h1:oPkhp1MJrh7nUepCBck5+mAzfO9JrbApNNgaTdGDITg=
golang.org/x/sys v0.6.0/go.mod h1:oPkhp1MJrh7nUepCBck5+mAzfO9JrbApNNgaTdGDITg=
golang.org/x/sys v0.8.0/go.mod h1:oPkhp1MJrh7nUepCBck5+mAzfO9JrbApNNgaTdGDITg=
golang.org/x/sys v0.12.0/go.mod h1:oPkhp1MJrh7nUepCBck5+mAzfO9JrbApNNgaTdGDITg=
golang.org/x/sys v0.17.0/go.mod h1:/VUhepiaJMQUp4+oa/7Zr1D23ma6VTLIYjOOTFZPUcA=
golang.org/x/sys v0.20.0/go.mod h1:/VUhepiaJMQUp4+oa/7Zr1D23ma6VTLIYjOOTFZPUcA=
golang.org/x/sys v0.28.0/go.mod h1:/VUhepiaJMQUp4+oa/7Zr1D23ma6VTLIYjOOTFZPUcA=
golang.org/x/sys v0.29.0/go.mod h1:/VUhepiaJMQUp4+oa/7Zr1D23ma6VTLIYjOOTFZPUcA=
golang.org/x/sys v0.42.0 h1:omrd2nAlyT5ESRdCLYdm3+fMfNFE/+Rf4bDIQImRJeo=
golang.org/x/sys v0.42.0/go.mod h1:4GL1E5IUh+htKOUEOaiffhrAeqysfVGipDYzABqnCmw=
golang.org/x/telemetry v0.0.0-20240228155512-f48c80bd79b2/go.mod h1:TeRTkGYfJXctD9OcfyVLyj2J3IxLnKwHJR8f4D8a3YE=
golang.org/x/telemetry v0.0.0-20260109210033-bd525da824e2 h1:O1cMQHRfwNpDfDJerqRoE2oD+AFlyid87D40L/OkkJo=
golang.org/x/telemetry v0.0.0-20260109210033-bd525da824e2/go.mod h1:b7fPSJ0pKZ3ccUh8gnTONJxhn3c/PS6tyzQvyqw4iA8=
golang.org/x/term v0.0.0-20201126162022-7de9c90e9dd1/go.mod h1:bj7SfCRtBDWHUb9snDiAeCFNEtKQo2Wmx5Cou7ajbmo=
golang.org/x/term v0.0.0-20210927222741-03fcf44c2211/go.mod h1:jbD1KX2456YbFQfuXm/mYQcufACuNUgVhRMnK/tPxf8=
golang.org/x/term v0.5.0/go.mod h1:jMB1sMXY+tzblOD4FWmEbocvup2/aLOaQEp7JmGp78k=
golang.org/x/term v0.8.0/go.mod h1:xPskH00ivmX89bAKVGSKKtLOWNx2+17Eiy94tnKShWo=
golang.org/x/term v0.12.0/go.mod h1:owVbMEjm3cBLCHdkQu9b1opXd4ETQWc3BhuQGKgXgvU=
golang.org/x/term v0.17.0/go.mod h1:lLRBjIVuehSbZlaOtGMbcMncT+aqLLLmKrsjNrUguwk=
golang.org/x/term v0.20.0/go.mod h1:8UkIAJTvZgivsXaD6/pH6U9ecQzZ45awqEOzuCvwpFY=
golang.org/x/term v0.27.0/go.mod h1:iMsnZpn0cago0GOrHO2+Y7u7JPn5AylBrcoWkElMTSM=
golang.org/x/term v0.28.0/go.mod h1:Sw/lC2IAUZ92udQNf3WodGtn4k/XoLyZoh8v/8uiwek=
golang.org/x/text v0.3.0/go.mod h1:NqM8EUOU14njkJ3fqMW+pc6Ldnwhi/IjpwHt7yyuwOQ=
golang.org/x/text v0.3.3/go.mod h1:5Zoc/QRtKVWzQhOtBMvqHzDpF6irO9z98xDceosuGiQ=
golang.org/x/text v0.3.6/go.mod h1:5Zoc/QRtKVWzQhOtBMvqHzDpF6irO9z98xDceosuGiQ=
golang.org/x/text v0.3.7/go.mod h1:u+2+/6zg+i71rQMx5EYifcz6MCKuco9NR6JIITiCfzQ=
golang.org/x/text v0.3.8/go.mod h1:E6s5w1FMmriuDzIBO73fBruAKo1PCIq6d2Q6DHfQ8WQ=
golang.org/x/text v0.7.0/go.mod h1:mrYo+phRRbMaCq/xk9113O4dZlRixOauAjOtrjsXDZ8=
golang.org/x/text v0.9.0/go.mod h1:e1OnstbJyHTd6l/uOt8jFFHp6TRDWZR/bV3emEE/zU8=
golang.org/x/text v0.13.0/go.mod h1:TvPlkZtksWOMsz7fbANvkp4WM8x/WCo/om8BMLbz+aE=
golang.org/x/text v0.14.0/go.mod h1:18ZOQIKpY8NJVqYksKHtTdi31H5itFRjB5/qKTNYzSU=
golang.org/x/text v0.15.0/go.mod h1:18ZOQIKpY8NJVqYksKHtTdi31H5itFRjB5/qKTNYzSU=
golang.org/x/text v0.21.0/go.mod h1:4IBbMaMmOPCJ8SecivzSH54+73PCFmPWxNTLm+vZkEQ=
golang.org/x/text v0.34.0 h1:oL/Qq0Kdaqxa1KbNeMKwQq0reLCCaFtqu2eNuSeNHbk=
golang.org/x/text v0.34.0/go.mod h1:homfLqTYRFyVYemLBFl5GgL/DWEiH5wcsQ5gSh1yziA=
golang.org/x/tools v0.0.0-20180917221912-90fa682c2a6e/go.mod h1:n7NCudcB/nEzxVGmLbDWY5pfWTLqBcC2KZ6jyYvM4mQ=
golang.org/x/tools v0.0.0-20191119224855-298f0cb1881e/go.mod h1:b+2E5dAYhXwXZwtnZ6UAqBI28+e2cm9otk0dWdXHAEo=
golang.org/x/tools v0.1.12/go.mod h1:hNGJHUnrk76NpqgfD5Aqm5Crs+Hm0VOH/i9J2+nxYbc=
golang.org/x/tools v0.6.0/go.mod h1:Xwgl3UAJ/d3gWutnCtw505GrjyAbvKui8lOU390QaIU=
golang.org/x/tools v0.13.0/go.mod h1:HvlwmtVNQAhOuCjW7xxvovg8wbNq7LwfXh/k7wXUl58=
golang.org/x/tools v0.21.1-0.20240508182429-e35e4ccd0d2d/go.mod h1:aiJjzUbINMkxbQROHiO6hDPo2LHcIPhhQsa9DLh0yGk=
golang.org/x/tools v0.41.0 h1:a9b8iMweWG+S0OBnlU36rzLp20z1Rp10w+IY2czHTQc=
golang.org/x/tools v0.41.0/go.mod h1:XSY6eDqxVNiYgezAVqqCeihT4j1U2CCsqvH3WhQpnlg=
golang.org/x/xerrors v0.0.0-20190717185122-a985d3407aa7/go.mod h1:I/5z698sn9Ka8TeJc9MKroUUfqBBauWjQqLJ2OPfmY0=
golang.org/x/xerrors v0.0.0-20191204190536-9bdfabe68543/go.mod h1:I/5z698sn9Ka8TeJc9MKroUUfqBBauWjQqLJ2OPfmY0=
golang.org/x/xerrors v0.0.0-20240903120638-7835f813f4da h1:noIWHXmPHxILtqtCOPIhSt0ABwskkZKjD3bXGnZGpNY=
golang.org/x/xerrors v0.0.0-20240903120638-7835f813f4da/go.mod h1:NDW/Ps6MPRej6fsCIbMTohpP40sJ/P/vI1MoTEGwX90=
gonum.org/v1/gonum v0.16.0 h1:5+ul4Swaf3ESvrOnidPp4GZbzf0mxVQpDCYUQE7OJfk=
gonum.org/v1/gonum v0.16.0/go.mod h1:fef3am4MQ93R2HHpKnLk4/Tbh/s0+wqD5nfa6Pnwy4E=
google.golang.org/appengine v1.6.8 h1:IhEN5q69dyKagZPYMSdIjS2HqprW324FRQZJcGqPAsM=
google.golang.org/appengine v1.6.8/go.mod h1:1jJ3jBArFh5pcgW8gCtRJnepW8FzD1V44FJffLiz/Ds=
google.golang.org/protobuf v1.26.0-rc.1/go.mod h1:jlhhOSvTdKEhbULTjvd4ARK9grFBp09yW+WbY/TyQbw=
google.golang.org/protobuf v1.26.0/go.mod h1:9q0QmTI4eRPtz6boOQmLYwt+qCgq0jsYwAQnmE0givc=
google.golang.org/protobuf v1.36.10 h1:AYd7cD/uASjIL6Q9LiTjz8JLcrh/88q5UObnmY3aOOE=
google.golang.org/protobuf v1.36.10/go.mod h1:HTf+CrKn2C3g5S8VImy6tdcUvCska2kB7j23XfzDpco=
gopkg.in/check.v1 v0.0.0-20161208181325-20d25e280405/go.mod h1:Co6ibVJAznAaIkqp8huTwlJQCZ016jof/cbN4VW5Yz0=
gopkg.in/yaml.v3 v3.0.1 h1:fxVm/GzAzEWqLHuvctI91KS9hhNmmWOoWu0XTYJS7CA=
gopkg.in/yaml.v3 v3.0.1/go.mod h1:K4uyk7z7BCEPqu6E+C64Yfv1cQ7kz7rIZviUmN+EgEM=
